PODS:
  - Alamofire (5.2.1)
  - GrowingTextView (0.7.2)
  - RxCocoa (5.1.1):
    - RxRelay (~> 5)
    - RxSwift (~> 5)
  - RxRelay (5.1.1):
    - RxSwift (~> 5)
  - RxSwift (5.0.1)
  - SnapKit (5.0.1)
  - Socket.IO-Client-Swift (15.2.0):
    - Starscream (~> 3.1)
  - Starscream (3.1.1)

DEPENDENCIES:
  - Alamofire
  - GrowingTextView
  - RxCocoa
  - RxSwift
  - SnapKit
  - Socket.IO-Client-Swift

SPEC REPOS:
  trunk:
    - Alamofire
    - GrowingTextView
    - RxCocoa
    - RxRelay
    - RxSwift
    - SnapKit
    - Socket.IO-Client-Swift
    - Starscream

SPEC CHECKSUMS:
  Alamofire: e911732990610fe89af59ac0077f923d72dc3dfd
  GrowingTextView: 876bf42005b5e4a4fd740597db12caaf41f0fe6c
  RxCocoa: 32065309a38d29b5b0db858819b5bf9ef038b601
  RxRelay: d77f7d771495f43c556cbc43eebd1bb54d01e8e9
  RxSwift: e2dc62b366a3adf6a0be44ba9f405efd4c94e0c4
  SnapKit: 97b92857e3df3a0c71833cce143274bf6ef8e5eb
  Socket.IO-Client-Swift: 1e3e3a1f09f3312a167f0d781eb2f383d477357c
  Starscream: 4bb2f9942274833f7b4d296a55504dcfc7edb7b0

PODFILE CHECKSUM: 17637136d7f0fdf9e24b03024576a4e443258a91

COCOAPODS: 1.9.1
